# This file is autogenerated, do not edit; changes may be undone by the next 'dep ensure'.


[[projects]]
  branch = "master"
  digest = "1:b02e5e3f836f077a3249d1dfe3c57d305e007f71a98f2e69c170a2dd8d2b266c"
  name = "github.com/AndreasBriese/bbloom"
  packages = ["."]
  pruneopts = "UT"
  revision = "343706a395b76e5ca5c7dca46a5d937b48febc74"

[[projects]]
  digest = "1:4c69f3f6b7b2f6481f858db3cb7a84c7a5958287be33ec05ce4814ea49ef555d"
  name = "github.com/cespare/xxhash"
  packages = ["."]
  pruneopts = "UT"
  revision = "569f7c8abf1f58d9043ab804d364483cb1c853b6"
  version = "v1.1.0"

[[projects]]
  digest = "1:04179a5bcbecdb18f06cca42e3808ae8560f86ad7fe470fde21206008f0c5e26"
  name = "github.com/coocood/freecache"
  packages = ["."]
  pruneopts = "UT"
  revision = "f3233c8095b26cd0dea0b136b931708c05defa08"
  version = "v1.0.1"

[[projects]]
  digest = "1:ffe9824d294da03b391f44e1ae8281281b4afc1bdaa9588c9097785e3af10cec"
  name = "github.com/davecgh/go-spew"
  packages = ["spew"]
  pruneopts = "UT"
  revision = "8991bc29aa16c548c550c7ff78260e27b9ab7c73"
  version = "v1.1.1"

[[projects]]
  digest = "1:5f5090f05382959db941fa45acbeb7f4c5241aa8ac0f8f4393dec696e5953f53"
  name = "github.com/dgraph-io/badger"
  packages = [
    ".",
    "options",
    "protos",
    "skl",
    "table",
    "y",
  ]
  pruneopts = "UT"
  revision = "99233d725dbdd26d156c61b2f42ae1671b794656"
  version = "v1.5.4"

[[projects]]
  branch = "master"
  digest = "1:8583eab935e3d99d3a7ac489cd2ee7c8e95eecd7c64ab1fc8382746dacaf8563"
  name = "github.com/dgryski/go-farm"
  packages = ["."]
  pruneopts = "UT"
  revision = "2de33835d10275975374b37b2dcfd22c9020a1f5"

[[projects]]
  digest = "1:abeb38ade3f32a92943e5be54f55ed6d6e3b6602761d74b4aab4c9dd45c18abd"
  name = "github.com/fsnotify/fsnotify"
  packages = ["."]
  pruneopts = "UT"
  revision = "c2828203cd70a50dcccfb2761f8b1f8ceef9a8e9"
  version = "v1.4.7"

[[projects]]
  branch = "master"
  digest = "1:36fe9527deed01d2a317617e59304eb2c4ce9f8a24115bcc5c2e37b3aee5bae4"
  name = "github.com/gin-contrib/sse"
  packages = ["."]
  pruneopts = "UT"
  revision = "22d885f9ecc78bf4ee5d72b937e4bbcdc58e8cae"

[[projects]]
  digest = "1:d5083934eb25e45d17f72ffa86cae3814f4a9d6c073c4f16b64147169b245606"
  name = "github.com/gin-gonic/gin"
  packages = [
    ".",
    "binding",
    "json",
    "render",
  ]
  pruneopts = "UT"
  revision = "b869fe1415e4b9eb52f247441830d502aece2d4d"
  version = "v1.3.0"

[[projects]]
  digest = "1:97df918963298c287643883209a2c3f642e6593379f97ab400c2a2e219ab647d"
  name = "github.com/golang/protobuf"
  packages = ["proto"]
  pruneopts = "UT"
  revision = "aa810b61a9c79d51363740d207bb46cf8e620ed5"
  version = "v1.2.0"

[[projects]]
  digest = "1:a361611b8c8c75a1091f00027767f7779b29cb37c456a71b8f2604c88057ab40"
  name = "github.com/hashicorp/hcl"
  packages = [
    ".",
    "hcl/ast",
    "hcl/parser",
    "hcl/printer",
    "hcl/scanner",
    "hcl/strconv",
    "hcl/token",
    "json/parser",
    "json/scanner",
    "json/token",
  ]
  pruneopts = "UT"
  revision = "ef8a98b0bbce4a65b5aa4c368430a80ddc533168"

[[projects]]
  branch = "master"
  digest = "1:79c81b0838262299589d76224e50842a802d7a4bc5556649875ba8508bb9f4cb"
  name = "github.com/iotaledger/giota"
  packages = [
    ".",
    "cl",
  ]
  pruneopts = "UT"
  revision = "e34a409290248e6ff2205b06062d702690910f04"

[[projects]]
  digest = "1:3e551bbb3a7c0ab2a2bf4660e7fcad16db089fdcfbb44b0199e62838038623ea"
  name = "github.com/json-iterator/go"
  packages = ["."]
  pruneopts = "UT"
  revision = "1624edc4454b8682399def8740d46db5e4362ba4"
  version = "v1.1.5"

[[projects]]
  branch = "master"
  digest = "1:374de5616a7287bd49d888888422f76321b2f84ae69544b4b040c2009704e3a4"
  name = "github.com/lukechampine/randmap"
  packages = [
    ".",
    "perm",
  ]
  pruneopts = "UT"
  revision = "9e3c222d041309b34f799305d561f5adf3fc0181"

[[projects]]
  branch = "master"
  digest = "1:40bf4b24f9127737b22d3b86ff0bef3c3e9d87604d6260d9f9b9125e7995ff49"
  name = "github.com/lunixbochs/struc"
  packages = ["."]
  pruneopts = "UT"
  revision = "02e4c2afbb2ac4bae6876f52c8273fc4cf5a4b0a"

[[projects]]
  digest = "1:c568d7727aa262c32bdf8a3f7db83614f7af0ed661474b24588de635c20024c7"
  name = "github.com/magiconair/properties"
  packages = ["."]
  pruneopts = "UT"
  revision = "c2353362d570a7bfa228149c62842019201cfb71"
  version = "v1.8.0"

[[projects]]
  digest = "1:0981502f9816113c9c8c4ac301583841855c8cf4da8c72f696b3ebedf6d0e4e5"
  name = "github.com/mattn/go-isatty"
  packages = ["."]
  pruneopts = "UT"
  revision = "6ca4dbf54d38eea1a992b3c722a76a5d1c4cb25c"
  version = "v0.0.4"

[[projects]]
  branch = "master"
  digest = "1:130cefe87d7eeefc824978dcb78e35672d4c49a11f25c153fbf0cfd952756fa3"
  name = "github.com/minio/blake2b-simd"
  packages = ["."]
  pruneopts = "UT"
  revision = "3f5f724cb5b182a5c278d6d3d55b40e7f8c2efb4"

[[projects]]
  branch = "master"
  digest = "1:c99caced18127b6ae7a0be25bdf64155a8b5337d18fce1e7df0a8e68beb18767"
  name = "github.com/minio/highwayhash"
  packages = ["."]
  pruneopts = "UT"
  revision = "85fc8a2dacad36a6beb2865793cd81363a496696"

[[projects]]
  digest = "1:e730597b38a4d56e2361e0b6236cb800e52c73cace2ff91396f4ff35792ddfa7"
  name = "github.com/mitchellh/mapstructure"
  packages = ["."]
  pruneopts = "UT"
  revision = "bb74f1db0675b241733089d5a1faa5dd8b0ef57b"

[[projects]]
  digest = "1:33422d238f147d247752996a26574ac48dcf472976eda7f5134015f06bf16563"
  name = "github.com/modern-go/concurrent"
  packages = ["."]
  pruneopts = "UT"
  revision = "bacd9c7ef1dd9b15be4a9909b8ac7a4e313eec94"
  version = "1.0.3"

[[projects]]
  digest = "1:e32bdbdb7c377a07a9a46378290059822efdce5c8d96fe71940d87cb4f918855"
  name = "github.com/modern-go/reflect2"
  packages = ["."]
  pruneopts = "UT"
  revision = "4b7aa43c6742a2c18fdef89dd197aaae7dac7ccd"
  version = "1.0.1"

[[projects]]
  branch = "master"
  digest = "1:85eb0cd37e9d96772428d1a5ee4f673d3ab91ca248adc4e5d34ef476b69d2d37"
  name = "github.com/muxxer/diverdriver"
  packages = [
    ".",
    "logs",
  ]
  pruneopts = "UT"
  revision = "faef9a298d529317915033e182fd8196ee05a410"

[[projects]]
  branch = "master"
  digest = "1:41f3b549dbb8216e490c27926c09dc055aa509b3476e7cbc3317103990b13aeb"
  name = "github.com/op/go-logging"
  packages = ["."]
  pruneopts = "UT"
  revision = "970db520ece77730c7e4724c61121037378659d9"

[[projects]]
  digest = "1:e9ef6eae041ec7deb39e8a30da178c66ed0b7dff5026ccd3e71a387bebc70946"
  name = "github.com/pelletier/go-toml"
  packages = ["."]
  pruneopts = "UT"
  revision = "66540cf1fcd2c3aee6f6787dfa32a6ae9a870f12"

[[projects]]
  digest = "1:40e195917a951a8bf867cd05de2a46aaf1806c50cf92eebf4c16f78cd196f747"
  name = "github.com/pkg/errors"
  packages = ["."]
  pruneopts = "UT"
  revision = "645ef00459ed84a119197bfb8d8205042c6df63d"
  version = "v0.8.0"

[[projects]]
  digest = "1:cfa0d7741863a0e1d30e0ccdd4b48a96a471cdb47892303de8b92c3713af3e77"
  name = "github.com/pkg/profile"
  packages = ["."]
  pruneopts = "UT"
  revision = "5b67d428864e92711fcbd2f8629456121a56d91f"
  version = "v1.2.1"

[[projects]]
  digest = "1:0028cb19b2e4c3112225cd871870f2d9cf49b9b4276531f03438a88e94be86fe"
  name = "github.com/pmezard/go-difflib"
  packages = ["difflib"]
  pruneopts = "UT"
  revision = "792786c7400a136282c1664665ae0a8db921c6c2"
  version = "v1.0.0"

[[projects]]
  branch = "master"
  digest = "1:fe592bd048ffa30b699fbccadade6bf60b747c7d4b888cc41fce3726af17b157"
  name = "github.com/sigurn/crc8"
  packages = ["."]
  pruneopts = "UT"
  revision = "e55481d6f45c5a8f040343bace9013571dae103e"

[[projects]]
  branch = "master"
  digest = "1:9af7525086446bbd8be2f3f11fb3c056da67f216e1b12700616b6c6327ece095"
  name = "github.com/sigurn/utils"
  packages = ["."]
  pruneopts = "UT"
  revision = "f19e41f79f8f006116f682c1af454591bc278ad4"

[[projects]]
  digest = "1:fe0b7f0c9a5e5511001fe085b0a156b29266012cd984a63e4059a30e84bba03a"
  name = "github.com/spf13/afero"
  packages = [
    ".",
    "mem",
  ]
  pruneopts = "UT"
  revision = "63644898a8da0bc22138abf860edaf5277b6102e"
  version = "v1.1.0"

[[projects]]
  digest = "1:516e71bed754268937f57d4ecb190e01958452336fa73dbac880894164e91c1f"
  name = "github.com/spf13/cast"
  packages = ["."]
  pruneopts = "UT"
  revision = "8965335b8c7107321228e3e3702cab9832751bac"
  version = "v1.2.0"

[[projects]]
  digest = "1:080e5f630945ad754f4b920e60b4d3095ba0237ebf88dc462eb28002932e3805"
  name = "github.com/spf13/jwalterweatherman"
  packages = ["."]
  pruneopts = "UT"
  revision = "7c0cea34c8ece3fbeb2b27ab9b59511d360fb394"

[[projects]]
  digest = "1:9424f440bba8f7508b69414634aef3b2b3a877e522d8a4624692412805407bb7"
  name = "github.com/spf13/pflag"
  packages = ["."]
  pruneopts = "UT"
  revision = "583c0c0531f06d5278b7d917446061adc344b5cd"
  version = "v1.0.1"

[[projects]]
  digest = "1:89a2b718cc4cebb163e1d7808b0d49e13b462e76b1b08ebe48c62415637f01c7"
  name = "github.com/spf13/viper"
  packages = ["."]
  pruneopts = "UT"
  revision = "15738813a09db5c8e5b60a19d67d3f9bd38da3a4"

[[projects]]
  digest = "1:c40d65817cdd41fac9aa7af8bed56927bb2d6d47e4fea566a74880f5c2b1c41e"
  name = "github.com/stretchr/testify"
  packages = [
    "assert",
    "require",
  ]
  pruneopts = "UT"
  revision = "f35b8ab0b5a2cef36673838d662e249dd9c94686"
  version = "v1.2.2"

[[projects]]
  branch = "master"
  digest = "1:148fd43daa0987df14b2d1105f86d8ba1d8a2b1f3c45ac81932edc4055739e1c"
  name = "github.com/tildeleb/hashland"
  packages = ["keccakpg"]
  pruneopts = "UT"
  revision = "07375b562deaa8d6891f9618a04e94a0b98e2ee7"

[[projects]]
  branch = "master"
  digest = "1:fd6c914d58e3c73c2996c9b4cb45534b6ab4aa99051c20007c2911919375d2df"
  name = "github.com/tonnerre/golang-go.crypto"
  packages = ["sha3"]
  pruneopts = "UT"
  revision = "9bbb332f040b171b2fb4e08c53a3db3b3f6633c0"

[[projects]]
  digest = "1:03aa6e485e528acb119fb32901cf99582c380225fc7d5a02758e08b180cb56c3"
  name = "github.com/ugorji/go"
  packages = ["codec"]
  pruneopts = "UT"
  revision = ""
  version = "v1.1.1"

[[projects]]
  branch = "master"
  digest = "1:a7b3aa11890fbe342ed4bf76a27986473d13103ae14796dcf2b55521c93e2547"
  name = "golang.org/x/net"
  packages = [
    "context",
    "internal/timeseries",
    "trace",
  ]
  pruneopts = "UT"
  revision = "26e67e76b6c3f6ce91f7c52def5af501b4e0f3a2"

[[projects]]
  branch = "master"
  digest = "1:7f80a9df45c36c39dc39f4f36077a71faf68f1d3a8e424759e7b84e7c1c1af40"
  name = "golang.org/x/sys"
  packages = [
    "cpu",
    "unix",
  ]
  pruneopts = "UT"
  revision = "ee1b12c67af419cf5a9be3bdbeea7fc1c5f32f11"

[[projects]]
  digest = "1:52391a559cfbc9a48ecc35e15b2b4d742eb8cea1e8a759ee2f80b71a91db232c"
  name = "golang.org/x/text"
  packages = [
    "internal/gen",
    "internal/triegen",
    "internal/ucd",
    "transform",
    "unicode/cldr",
    "unicode/norm",
  ]
  pruneopts = "UT"
  revision = "5c1cf69b5978e5a34c5f9ba09a83e56acc4b7877"

[[projects]]
  digest = "1:cbc72c4c4886a918d6ab4b95e347ffe259846260f99ebdd8a198c2331cf2b2e9"
  name = "gopkg.in/go-playground/validator.v8"
  packages = ["."]
  pruneopts = "UT"
  revision = "5f1438d3fca68893a817e4a66806cea46a9e4ebf"
  version = "v8.18.2"

[[projects]]
  digest = "1:c805e517269b0ba4c21ded5836019ed7d16953d4026cb7d00041d039c7906be9"
  name = "gopkg.in/natefinch/lumberjack.v2"
  packages = ["."]
  pruneopts = "UT"
  revision = "a96e63847dc3c67d17befa69c303767e2f84e54f"
  version = "v2.1"

[[projects]]
  digest = "1:342378ac4dcb378a5448dd723f0784ae519383532f5e70ade24132c4c8693202"
  name = "gopkg.in/yaml.v2"
  packages = ["."]
  pruneopts = "UT"
  revision = "5420a8b6744d3b0345ab293f6fcba19c978f1183"
  version = "v2.2.1"

[solve-meta]
  analyzer-name = "dep"
  analyzer-version = 1
  input-imports = [
    "github.com/cespare/xxhash",
    "github.com/coocood/freecache",
    "github.com/dgraph-io/badger",
    "github.com/dgraph-io/badger/options",
    "github.com/gin-gonic/gin",
    "github.com/iotaledger/giota",
    "github.com/lukechampine/randmap",
    "github.com/minio/highwayhash",
    "github.com/muxxer/diverdriver",
    "github.com/op/go-logging",
    "github.com/pkg/errors",
    "github.com/pkg/profile",
    "github.com/spf13/pflag",
    "github.com/spf13/viper",
    "github.com/stretchr/testify/assert",
    "github.com/stretchr/testify/require",
    "github.com/tonnerre/golang-go.crypto/sha3",
    "gopkg.in/natefinch/lumberjack.v2",
  ]
  solver-name = "gps-cdcl"
  solver-version = 1
